
Microsoft Visual Studio Solution File, Format Version 12.00
# Visual Studio Version 17
VisualStudioVersion = 17.14.36301.6
MinimumVisualStudioVersion = 10.0.40219.1
Project("{FAE04EC0-301F-11D3-BF4B-00C04F79EFBC}") = "TableUp.API", "TableUp.API\TableUp.API.csproj", "{55B1F261-971A-4CE9-8A5D-AB67E2EB74AD}"
	ProjectSection(ProjectDependencies) = postProject
		{1BA4989B-962A-46A2-9053-E2B8D1D970ED} = {1BA4989B-962A-46A2-9053-E2B8D1D970ED}
		{22752A9A-D977-4E2B-ABA2-FD21E615CD4F} = {22752A9A-D977-4E2B-ABA2-FD21E615CD4F}
	EndProjectSection
EndProject
Project("{FAE04EC0-301F-11D3-BF4B-00C04F79EFBC}") = "TableUp.Domain", "TableUp.Domain\TableUp.Domain.csproj", "{A5EC21E9-2875-4EA4-86A6-B16009EEB9E5}"
EndProject
Project("{FAE04EC0-301F-11D3-BF4B-00C04F79EFBC}") = "TableUp.Application", "TableUp.Application\TableUp.Application.csproj", "{1BA4989B-962A-46A2-9053-E2B8D1D970ED}"
EndProject
Project("{FAE04EC0-301F-11D3-BF4B-00C04F79EFBC}") = "TableUp.Infrastructure", "TableUp.Infrastructure\TableUp.Infrastructure.csproj", "{22752A9A-D977-4E2B-ABA2-FD21E615CD4F}"
	ProjectSection(ProjectDependencies) = postProject
		{A5EC21E9-2875-4EA4-86A6-B16009EEB9E5} = {A5EC21E9-2875-4EA4-86A6-B16009EEB9E5}
	EndProjectSection
EndProject
Global
	GlobalSection(SolutionConfigurationPlatforms) = preSolution
		Debug|Any CPU = Debug|Any CPU
		Release|Any CPU = Release|Any CPU
	EndGlobalSection
	GlobalSection(ProjectConfigurationPlatforms) = postSolution
		{55B1F261-971A-4CE9-8A5D-AB67E2EB74AD}.Debug|Any CPU.ActiveCfg = Debug|Any CPU
		{55B1F261-971A-4CE9-8A5D-AB67E2EB74AD}.Debug|Any CPU.Build.0 = Debug|Any CPU
		{55B1F261-971A-4CE9-8A5D-AB67E2EB74AD}.Release|Any CPU.ActiveCfg = Release|Any CPU
		{55B1F261-971A-4CE9-8A5D-AB67E2EB74AD}.Release|Any CPU.Build.0 = Release|Any CPU
		{A5EC21E9-2875-4EA4-86A6-B16009EEB9E5}.Debug|Any CPU.ActiveCfg = Debug|Any CPU
		{A5EC21E9-2875-4EA4-86A6-B16009EEB9E5}.Debug|Any CPU.Build.0 = Debug|Any CPU
		{A5EC21E9-2875-4EA4-86A6-B16009EEB9E5}.Release|Any CPU.ActiveCfg = Release|Any CPU
		{A5EC21E9-2875-4EA4-86A6-B16009EEB9E5}.Release|Any CPU.Build.0 = Release|Any CPU
		{1BA4989B-962A-46A2-9053-E2B8D1D970ED}.Debug|Any CPU.ActiveCfg = Debug|Any CPU
		{1BA4989B-962A-46A2-9053-E2B8D1D970ED}.Debug|Any CPU.Build.0 = Debug|Any CPU
		{1BA4989B-962A-46A2-9053-E2B8D1D970ED}.Release|Any CPU.ActiveCfg = Release|Any CPU
		{1BA4989B-962A-46A2-9053-E2B8D1D970ED}.Release|Any CPU.Build.0 = Release|Any CPU
		{22752A9A-D977-4E2B-ABA2-FD21E615CD4F}.Debug|Any CPU.ActiveCfg = Debug|Any CPU
		{22752A9A-D977-4E2B-ABA2-FD21E615CD4F}.Debug|Any CPU.Build.0 = Debug|Any CPU
		{22752A9A-D977-4E2B-ABA2-FD21E615CD4F}.Release|Any CPU.ActiveCfg = Release|Any CPU
		{22752A9A-D977-4E2B-ABA2-FD21E615CD4F}.Release|Any CPU.Build.0 = Release|Any CPU
	EndGlobalSection
	GlobalSection(SolutionProperties) = preSolution
		HideSolutionNode = FALSE
	EndGlobalSection
	GlobalSection(ExtensibilityGlobals) = postSolution
		SolutionGuid = {F8B17A0E-ADAA-49CD-93C5-FD7E2C20C740}
	EndGlobalSection
EndGlobal
